
Microsoft Visual Studio Solution File, Format Version 12.00
# Visual Studio Version 17
VisualStudioVersion = 17.0.31903.59
MinimumVisualStudioVersion = 10.0.40219.1
Project("{2150E333-8FDC-42A3-9474-1A3956D46DE8}") = "src", "src", "{184B93EA-C472-4A04-AE2A-B2E6584BEBD6}"
EndProject
Project("{2150E333-8FDC-42A3-9474-1A3956D46DE8}") = "Modules", "Modules", "{E2CC7304-1731-444A-A8FC-378B905BCC5C}"
EndProject
Project("{2150E333-8FDC-42A3-9474-1A3956D46DE8}") = "Users", "Users", "{072DAC1E-1B3B-4213-BC86-6453DE285A20}"
EndProject
Project("{2150E333-8FDC-42A3-9474-1A3956D46DE8}") = "Products", "Products", "{AC7FCC16-BAF7-4B91-B0E1-307EA3361777}"
EndProject
Project("{2150E333-8FDC-42A3-9474-1A3956D46DE8}") = "Orders", "Orders", "{1CF3F34B-2C7A-4F3A-A8A2-632E3501B4FD}"
EndProject
Project("{FAE04EC0-301F-11D3-BF4B-00C04F79EFBC}") = "Users.Application", "src\Modules\Users\Users.Application\Users.Application.csproj", "{3F0109EB-9CCE-41E0-9B28-96869595272B}"
EndProject
Project("{FAE04EC0-301F-11D3-BF4B-00C04F79EFBC}") = "Users.Domain", "src\Modules\Users\Users.Domain\Users.Domain.csproj", "{463BF388-245F-4853-8DB8-934C0F82D3BF}"
EndProject
Project("{FAE04EC0-301F-11D3-BF4B-00C04F79EFBC}") = "Users.Presentation", "src\Modules\Users\Users.Presentation\Users.Presentation.csproj", "{D75AD6AF-ACAB-4399-8575-9C6F18EE3AB1}"
EndProject
Project("{FAE04EC0-301F-11D3-BF4B-00C04F79EFBC}") = "Users.Infrastructure", "src\Modules\Users\Users.Infrastructure\Users.Infrastructure.csproj", "{37A23E61-EC6E-42C6-81AC-151A6A88E167}"
EndProject
Project("{FAE04EC0-301F-11D3-BF4B-00C04F79EFBC}") = "eStore", "src\eStore\eStore.csproj", "{F9ECA00A-DE3F-409F-BF0A-81E6D1E4E220}"
EndProject
Project("{FAE04EC0-301F-11D3-BF4B-00C04F79EFBC}") = "Users.IntegrationEvents", "src\Modules\Users\Users.IntegrationEvents\Users.IntegrationEvents.csproj", "{0254955D-2FAA-4F29-9666-B2BE18E84DCD}"
EndProject
Project("{FAE04EC0-301F-11D3-BF4B-00C04F79EFBC}") = "SharedKernel", "src\SharedKernel\SharedKernel.csproj", "{3A969B9C-20A6-44BB-8018-084677637048}"
EndProject
Project("{FAE04EC0-301F-11D3-BF4B-00C04F79EFBC}") = "Products.Application", "src\Modules\Products\Products.Application\Products.Application.csproj", "{7B58D2C9-C58E-4DD8-9F8E-2E347A5B944E}"
EndProject
Project("{FAE04EC0-301F-11D3-BF4B-00C04F79EFBC}") = "Products.Domain", "src\Modules\Products\Products.Domain\Products.Domain.csproj", "{758EC524-68CC-43A3-958B-7E503589E7BE}"
EndProject
Project("{FAE04EC0-301F-11D3-BF4B-00C04F79EFBC}") = "Products.Infrastructure", "src\Modules\Products\Products.Infrastructure\Products.Infrastructure.csproj", "{C87EFAD4-22D6-4EF7-AC66-BA0A9505CBF6}"
EndProject
Project("{E53339B2-1760-4266-BCC7-CA923CBCF16C}") = "docker-compose", "docker-compose.dcproj", "{1F01E300-F9DB-436B-95AF-13EA2A417E39}"
EndProject
Project("{FAE04EC0-301F-11D3-BF4B-00C04F79EFBC}") = "Orders.Application", "src\Modules\Orders\Orders.Application\Orders.Application.csproj", "{4B6F87E3-ACC7-4561-AED1-57F651426E6D}"
EndProject
Project("{FAE04EC0-301F-11D3-BF4B-00C04F79EFBC}") = "Orders.Domain", "src\Modules\Orders\Orders.Domain\Orders.Domain.csproj", "{08303507-BE5A-49CE-A45F-B1E6BA30771D}"
EndProject
Project("{FAE04EC0-301F-11D3-BF4B-00C04F79EFBC}") = "Orders.Infrastructure", "src\Modules\Orders\Orders.Infrastructure\Orders.Infrastructure.csproj", "{99A505FC-DBDA-4053-AC8B-62A1F98B6CAC}"
EndProject
Project("{FAE04EC0-301F-11D3-BF4B-00C04F79EFBC}") = "Orders.Presentation", "src\Modules\Orders\Orders.Presentation\Orders.Presentation.csproj", "{F0199CB8-6190-4BA7-A730-66961DE2C816}"
EndProject
Global
	GlobalSection(SolutionConfigurationPlatforms) = preSolution
		Debug|Any CPU = Debug|Any CPU
		Release|Any CPU = Release|Any CPU
	EndGlobalSection
	GlobalSection(ProjectConfigurationPlatforms) = postSolution
		{3F0109EB-9CCE-41E0-9B28-96869595272B}.Debug|Any CPU.ActiveCfg = Debug|Any CPU
		{3F0109EB-9CCE-41E0-9B28-96869595272B}.Debug|Any CPU.Build.0 = Debug|Any CPU
		{3F0109EB-9CCE-41E0-9B28-96869595272B}.Release|Any CPU.ActiveCfg = Release|Any CPU
		{3F0109EB-9CCE-41E0-9B28-96869595272B}.Release|Any CPU.Build.0 = Release|Any CPU
		{463BF388-245F-4853-8DB8-934C0F82D3BF}.Debug|Any CPU.ActiveCfg = Debug|Any CPU
		{463BF388-245F-4853-8DB8-934C0F82D3BF}.Debug|Any CPU.Build.0 = Debug|Any CPU
		{463BF388-245F-4853-8DB8-934C0F82D3BF}.Release|Any CPU.ActiveCfg = Release|Any CPU
		{463BF388-245F-4853-8DB8-934C0F82D3BF}.Release|Any CPU.Build.0 = Release|Any CPU
		{D75AD6AF-ACAB-4399-8575-9C6F18EE3AB1}.Debug|Any CPU.ActiveCfg = Debug|Any CPU
		{D75AD6AF-ACAB-4399-8575-9C6F18EE3AB1}.Debug|Any CPU.Build.0 = Debug|Any CPU
		{D75AD6AF-ACAB-4399-8575-9C6F18EE3AB1}.Release|Any CPU.ActiveCfg = Release|Any CPU
		{D75AD6AF-ACAB-4399-8575-9C6F18EE3AB1}.Release|Any CPU.Build.0 = Release|Any CPU
		{37A23E61-EC6E-42C6-81AC-151A6A88E167}.Debug|Any CPU.ActiveCfg = Debug|Any CPU
		{37A23E61-EC6E-42C6-81AC-151A6A88E167}.Debug|Any CPU.Build.0 = Debug|Any CPU
		{37A23E61-EC6E-42C6-81AC-151A6A88E167}.Release|Any CPU.ActiveCfg = Release|Any CPU
		{37A23E61-EC6E-42C6-81AC-151A6A88E167}.Release|Any CPU.Build.0 = Release|Any CPU
		{F9ECA00A-DE3F-409F-BF0A-81E6D1E4E220}.Debug|Any CPU.ActiveCfg = Debug|Any CPU
		{F9ECA00A-DE3F-409F-BF0A-81E6D1E4E220}.Debug|Any CPU.Build.0 = Debug|Any CPU
		{F9ECA00A-DE3F-409F-BF0A-81E6D1E4E220}.Release|Any CPU.ActiveCfg = Release|Any CPU
		{F9ECA00A-DE3F-409F-BF0A-81E6D1E4E220}.Release|Any CPU.Build.0 = Release|Any CPU
		{0254955D-2FAA-4F29-9666-B2BE18E84DCD}.Debug|Any CPU.ActiveCfg = Debug|Any CPU
		{0254955D-2FAA-4F29-9666-B2BE18E84DCD}.Debug|Any CPU.Build.0 = Debug|Any CPU
		{0254955D-2FAA-4F29-9666-B2BE18E84DCD}.Release|Any CPU.ActiveCfg = Release|Any CPU
		{0254955D-2FAA-4F29-9666-B2BE18E84DCD}.Release|Any CPU.Build.0 = Release|Any CPU
		{3A969B9C-20A6-44BB-8018-084677637048}.Debug|Any CPU.ActiveCfg = Debug|Any CPU
		{3A969B9C-20A6-44BB-8018-084677637048}.Debug|Any CPU.Build.0 = Debug|Any CPU
		{3A969B9C-20A6-44BB-8018-084677637048}.Release|Any CPU.ActiveCfg = Release|Any CPU
		{3A969B9C-20A6-44BB-8018-084677637048}.Release|Any CPU.Build.0 = Release|Any CPU
		{7B58D2C9-C58E-4DD8-9F8E-2E347A5B944E}.Debug|Any CPU.ActiveCfg = Debug|Any CPU
		{7B58D2C9-C58E-4DD8-9F8E-2E347A5B944E}.Debug|Any CPU.Build.0 = Debug|Any CPU
		{7B58D2C9-C58E-4DD8-9F8E-2E347A5B944E}.Release|Any CPU.ActiveCfg = Release|Any CPU
		{7B58D2C9-C58E-4DD8-9F8E-2E347A5B944E}.Release|Any CPU.Build.0 = Release|Any CPU
		{758EC524-68CC-43A3-958B-7E503589E7BE}.Debug|Any CPU.ActiveCfg = Debug|Any CPU
		{758EC524-68CC-43A3-958B-7E503589E7BE}.Debug|Any CPU.Build.0 = Debug|Any CPU
		{758EC524-68CC-43A3-958B-7E503589E7BE}.Release|Any CPU.ActiveCfg = Release|Any CPU
		{758EC524-68CC-43A3-958B-7E503589E7BE}.Release|Any CPU.Build.0 = Release|Any CPU
		{C87EFAD4-22D6-4EF7-AC66-BA0A9505CBF6}.Debug|Any CPU.ActiveCfg = Debug|Any CPU
		{C87EFAD4-22D6-4EF7-AC66-BA0A9505CBF6}.Debug|Any CPU.Build.0 = Debug|Any CPU
		{C87EFAD4-22D6-4EF7-AC66-BA0A9505CBF6}.Release|Any CPU.ActiveCfg = Release|Any CPU
		{C87EFAD4-22D6-4EF7-AC66-BA0A9505CBF6}.Release|Any CPU.Build.0 = Release|Any CPU
		{1F01E300-F9DB-436B-95AF-13EA2A417E39}.Debug|Any CPU.ActiveCfg = Debug|Any CPU
		{1F01E300-F9DB-436B-95AF-13EA2A417E39}.Debug|Any CPU.Build.0 = Debug|Any CPU
		{1F01E300-F9DB-436B-95AF-13EA2A417E39}.Release|Any CPU.ActiveCfg = Release|Any CPU
		{1F01E300-F9DB-436B-95AF-13EA2A417E39}.Release|Any CPU.Build.0 = Release|Any CPU
		{4B6F87E3-ACC7-4561-AED1-57F651426E6D}.Debug|Any CPU.ActiveCfg = Debug|Any CPU
		{4B6F87E3-ACC7-4561-AED1-57F651426E6D}.Debug|Any CPU.Build.0 = Debug|Any CPU
		{4B6F87E3-ACC7-4561-AED1-57F651426E6D}.Release|Any CPU.ActiveCfg = Release|Any CPU
		{4B6F87E3-ACC7-4561-AED1-57F651426E6D}.Release|Any CPU.Build.0 = Release|Any CPU
		{08303507-BE5A-49CE-A45F-B1E6BA30771D}.Debug|Any CPU.ActiveCfg = Debug|Any CPU
		{08303507-BE5A-49CE-A45F-B1E6BA30771D}.Debug|Any CPU.Build.0 = Debug|Any CPU
		{08303507-BE5A-49CE-A45F-B1E6BA30771D}.Release|Any CPU.ActiveCfg = Release|Any CPU
		{08303507-BE5A-49CE-A45F-B1E6BA30771D}.Release|Any CPU.Build.0 = Release|Any CPU
		{99A505FC-DBDA-4053-AC8B-62A1F98B6CAC}.Debug|Any CPU.ActiveCfg = Debug|Any CPU
		{99A505FC-DBDA-4053-AC8B-62A1F98B6CAC}.Debug|Any CPU.Build.0 = Debug|Any CPU
		{99A505FC-DBDA-4053-AC8B-62A1F98B6CAC}.Release|Any CPU.ActiveCfg = Release|Any CPU
		{99A505FC-DBDA-4053-AC8B-62A1F98B6CAC}.Release|Any CPU.Build.0 = Release|Any CPU
		{F0199CB8-6190-4BA7-A730-66961DE2C816}.Debug|Any CPU.ActiveCfg = Debug|Any CPU
		{F0199CB8-6190-4BA7-A730-66961DE2C816}.Debug|Any CPU.Build.0 = Debug|Any CPU
		{F0199CB8-6190-4BA7-A730-66961DE2C816}.Release|Any CPU.ActiveCfg = Release|Any CPU
		{F0199CB8-6190-4BA7-A730-66961DE2C816}.Release|Any CPU.Build.0 = Release|Any CPU
	EndGlobalSection
	GlobalSection(SolutionProperties) = preSolution
		HideSolutionNode = FALSE
	EndGlobalSection
	GlobalSection(NestedProjects) = preSolution
		{E2CC7304-1731-444A-A8FC-378B905BCC5C} = {184B93EA-C472-4A04-AE2A-B2E6584BEBD6}
		{072DAC1E-1B3B-4213-BC86-6453DE285A20} = {E2CC7304-1731-444A-A8FC-378B905BCC5C}
		{AC7FCC16-BAF7-4B91-B0E1-307EA3361777} = {E2CC7304-1731-444A-A8FC-378B905BCC5C}
		{1CF3F34B-2C7A-4F3A-A8A2-632E3501B4FD} = {E2CC7304-1731-444A-A8FC-378B905BCC5C}
		{3F0109EB-9CCE-41E0-9B28-96869595272B} = {072DAC1E-1B3B-4213-BC86-6453DE285A20}
		{463BF388-245F-4853-8DB8-934C0F82D3BF} = {072DAC1E-1B3B-4213-BC86-6453DE285A20}
		{D75AD6AF-ACAB-4399-8575-9C6F18EE3AB1} = {072DAC1E-1B3B-4213-BC86-6453DE285A20}
		{37A23E61-EC6E-42C6-81AC-151A6A88E167} = {072DAC1E-1B3B-4213-BC86-6453DE285A20}
		{F9ECA00A-DE3F-409F-BF0A-81E6D1E4E220} = {184B93EA-C472-4A04-AE2A-B2E6584BEBD6}
		{0254955D-2FAA-4F29-9666-B2BE18E84DCD} = {072DAC1E-1B3B-4213-BC86-6453DE285A20}
		{3A969B9C-20A6-44BB-8018-084677637048} = {184B93EA-C472-4A04-AE2A-B2E6584BEBD6}
		{7B58D2C9-C58E-4DD8-9F8E-2E347A5B944E} = {AC7FCC16-BAF7-4B91-B0E1-307EA3361777}
		{758EC524-68CC-43A3-958B-7E503589E7BE} = {AC7FCC16-BAF7-4B91-B0E1-307EA3361777}
		{C87EFAD4-22D6-4EF7-AC66-BA0A9505CBF6} = {AC7FCC16-BAF7-4B91-B0E1-307EA3361777}
		{4B6F87E3-ACC7-4561-AED1-57F651426E6D} = {1CF3F34B-2C7A-4F3A-A8A2-632E3501B4FD}
		{08303507-BE5A-49CE-A45F-B1E6BA30771D} = {1CF3F34B-2C7A-4F3A-A8A2-632E3501B4FD}
		{99A505FC-DBDA-4053-AC8B-62A1F98B6CAC} = {1CF3F34B-2C7A-4F3A-A8A2-632E3501B4FD}
		{F0199CB8-6190-4BA7-A730-66961DE2C816} = {1CF3F34B-2C7A-4F3A-A8A2-632E3501B4FD}
	EndGlobalSection
EndGlobal
